
Microsoft Visual Studio Solution File, Format Version 12.00
# Visual Studio Version 17
VisualStudioVersion = 17.8.34525.116
MinimumVisualStudioVersion = 10.0.40219.1
Project("{9A19103F-16F7-4668-BE54-9A1E7A4F7556}") = "A3KIDDESPORT", "A3KIDDESPORT\A3KIDDESPORT.csproj", "{12661C23-5861-4247-A149-CB6E39DDB12B}"
EndProject
Project("{9A19103F-16F7-4668-BE54-9A1E7A4F7556}") = "DataManagement", "DataManagement\DataManagement.csproj", "{006978C1-CBFD-450C-915D-D42DEB8F1B14}"
EndProject
Global
	GlobalSection(SolutionConfigurationPlatforms) = preSolution
		Debug|Any CPU = Debug|Any CPU
		Release|Any CPU = Release|Any CPU
	EndGlobalSection
	GlobalSection(ProjectConfigurationPlatforms) = postSolution
		{12661C23-5861-4247-A149-CB6E39DDB12B}.Debug|Any CPU.ActiveCfg = Debug|Any CPU
		{12661C23-5861-4247-A149-CB6E39DDB12B}.Debug|Any CPU.Build.0 = Debug|Any CPU
		{12661C23-5861-4247-A149-CB6E39DDB12B}.Release|Any CPU.ActiveCfg = Release|Any CPU
		{12661C23-5861-4247-A149-CB6E39DDB12B}.Release|Any CPU.Build.0 = Release|Any CPU
		{006978C1-CBFD-450C-915D-D42DEB8F1B14}.Debug|Any CPU.ActiveCfg = Debug|Any CPU
		{006978C1-CBFD-450C-915D-D42DEB8F1B14}.Debug|Any CPU.Build.0 = Debug|Any CPU
		{006978C1-CBFD-450C-915D-D42DEB8F1B14}.Release|Any CPU.ActiveCfg = Release|Any CPU
		{006978C1-CBFD-450C-915D-D42DEB8F1B14}.Release|Any CPU.Build.0 = Release|Any CPU
	EndGlobalSection
	GlobalSection(SolutionProperties) = preSolution
		HideSolutionNode = FALSE
	EndGlobalSection
	GlobalSection(ExtensibilityGlobals) = postSolution
		SolutionGuid = {0ADEFD4A-9088-4CC1-AD2E-AEDDB90DB0DD}
	EndGlobalSection
EndGlobal
